
Microsoft Visual Studio Solution File, Format Version 12.00
# Visual Studio Version 17
VisualStudioVersion = 17.6.33829.357
MinimumVisualStudioVersion = 10.0.40219.1
Project("{FAE04EC0-301F-11D3-BF4B-00C04F79EFBC}") = "OdbcFunc2", "OdbcFunc2.csproj", "{ACB7B030-FF13-4CCD-81BD-BD05CD368075}"
EndProject
Global
	GlobalSection(SolutionConfigurationPlatforms) = preSolution
		Debug|Any CPU = Debug|Any CPU
		Release|Any CPU = Release|Any CPU
	EndGlobalSection
	GlobalSection(ProjectConfigurationPlatforms) = postSolution
		{ACB7B030-FF13-4CCD-81BD-BD05CD368075}.Debug|Any CPU.ActiveCfg = Debug|Any CPU
		{ACB7B030-FF13-4CCD-81BD-BD05CD368075}.Debug|Any CPU.Build.0 = Debug|Any CPU
		{ACB7B030-FF13-4CCD-81BD-BD05CD368075}.Release|Any CPU.ActiveCfg = Release|Any CPU
		{ACB7B030-FF13-4CCD-81BD-BD05CD368075}.Release|Any CPU.Build.0 = Release|Any CPU
	EndGlobalSection
	GlobalSection(SolutionProperties) = preSolution
		HideSolutionNode = FALSE
	EndGlobalSection
	GlobalSection(ExtensibilityGlobals) = postSolution
		SolutionGuid = {1480A8B9-C1F2-4DB0-8A9A-8E3CFEBA310B}
	EndGlobalSection
EndGlobal
